{
  "version": 4,
  "terraform_version": "1.11.4",
  "serial": 18,
  "lineage": "3352455c-f70d-7ce7-84dc-117ba5cddb47",
  "outputs": {},
  "resources": [
    {
      "module": "module.jitudb",
      "mode": "data",
      "type": "azurerm_mssql_server",
      "name": "jituserver",
      "provider": "provider[\"registry.terraform.io/hashicorp/azurerm\"]",
      "instances": [
        {
          "schema_version": 0,
          "attributes": {
            "administrator_login": "sqladmin",
            "express_vulnerability_assessment_enabled": false,
            "fully_qualified_domain_name": "jituserver.database.windows.net",
            "id": "/subscriptions/cebec115-76a4-41a3-b52f-1485335c2232/resourceGroups/rgjitu/providers/Microsoft.Sql/servers/jituserver",
            "identity": [],
            "location": "australiaeast",
            "name": "jituserver",
            "resource_group_name": "rgjitu",
            "restorable_dropped_database_ids": [],
            "tags": {},
            "timeouts": null,
            "transparent_data_encryption_key_vault_key_id": "",
            "version": "12.0"
          },
          "sensitive_attributes": []
        }
      ]
    },
    {
      "module": "module.jitudb",
      "mode": "managed",
      "type": "azurerm_mssql_database",
      "name": "jitudb",
      "provider": "provider[\"registry.terraform.io/hashicorp/azurerm\"]",
      "instances": [
        {
          "schema_version": 1,
          "attributes": {
            "auto_pause_delay_in_minutes": 0,
            "collation": "SQL_Latin1_General_CP1_CI_AS",
            "create_mode": "Default",
            "creation_source_database_id": null,
            "elastic_pool_id": "",
            "enclave_type": "",
            "geo_backup_enabled": true,
            "id": "/subscriptions/cebec115-76a4-41a3-b52f-1485335c2232/resourceGroups/rgjitu/providers/Microsoft.Sql/servers/jituserver/databases/jitudb",
            "identity": [],
            "import": [],
            "ledger_enabled": false,
            "license_type": "LicenseIncluded",
            "long_term_retention_policy": [
              {
                "immutable_backups_enabled": false,
                "monthly_retention": "PT0S",
                "week_of_year": 1,
                "weekly_retention": "PT0S",
                "yearly_retention": "PT0S"
              }
            ],
            "maintenance_configuration_name": "SQL_Default",
            "max_size_gb": 32,
            "min_capacity": 0,
            "name": "jitudb",
            "read_replica_count": 0,
            "read_scale": false,
            "recover_database_id": null,
            "recovery_point_id": null,
            "restore_dropped_database_id": null,
            "restore_long_term_retention_backup_id": null,
            "restore_point_in_time": null,
            "sample_name": null,
            "secondary_type": "",
            "server_id": "/subscriptions/cebec115-76a4-41a3-b52f-1485335c2232/resourceGroups/rgjitu/providers/Microsoft.Sql/servers/jituserver",
            "short_term_retention_policy": [
              {
                "backup_interval_in_hours": 12,
                "retention_days": 7
              }
            ],
            "sku_name": "GP_Gen5_2",
            "storage_account_type": "Geo",
            "tags": {},
            "threat_detection_policy": [
              {
                "disabled_alerts": [],
                "email_account_admins": "Disabled",
                "email_addresses": [],
                "retention_days": 0,
                "state": "Disabled",
                "storage_account_access_key": "",
                "storage_endpoint": ""
              }
            ],
            "timeouts": null,
            "transparent_data_encryption_enabled": true,
            "transparent_data_encryption_key_automatic_rotation_enabled": false,
            "transparent_data_encryption_key_vault_key_id": "",
            "zone_redundant": false
          },
          "sensitive_attributes": [
            [
              {
                "type": "get_attr",
                "value": "threat_detection_policy"
              },
              {
                "type": "index",
                "value": {
                  "value": 0,
                  "type": "number"
                }
              },
              {
                "type": "get_attr",
                "value": "storage_account_access_key"
              }
            ]
          ],
          "private": "eyJlMmJmYjczMC1lY2FhLTExZTYtOGY4OC0zNDM2M2JjN2M0YzAiOnsiY3JlYXRlIjozNjAwMDAwMDAwMDAwLCJkZWxldGUiOjM2MDAwMDAwMDAwMDAsInJlYWQiOjMwMDAwMDAwMDAwMCwidXBkYXRlIjozNjAwMDAwMDAwMDAwfSwic2NoZW1hX3ZlcnNpb24iOiIxIn0=",
          "dependencies": [
            "module.jitudb.data.azurerm_mssql_server.jituserver",
            "module.jituserver.azurerm_mssql_server.jituserver",
            "module.resource_group.azurerm_resource_group.rgjitu"
          ]
        }
      ]
    },
    {
      "module": "module.jitunic",
      "mode": "data",
      "type": "azurerm_public_ip",
      "name": "jitupip",
      "provider": "provider[\"registry.terraform.io/hashicorp/azurerm\"]",
      "instances": [
        {
          "schema_version": 0,
          "attributes": {
            "allocation_method": "Static",
            "ddos_protection_mode": "VirtualNetworkInherited",
            "ddos_protection_plan_id": null,
            "domain_name_label": "",
            "fqdn": "",
            "id": "/subscriptions/cebec115-76a4-41a3-b52f-1485335c2232/resourceGroups/rgjitu/providers/Microsoft.Network/publicIPAddresses/jitupip",
            "idle_timeout_in_minutes": 4,
            "ip_address": "68.218.101.145",
            "ip_tags": {},
            "ip_version": "IPv4",
            "location": "australiaeast",
            "name": "jitupip",
            "resource_group_name": "rgjitu",
            "reverse_fqdn": "",
            "sku": "Standard",
            "tags": {},
            "timeouts": null,
            "zones": []
          },
          "sensitive_attributes": []
        }
      ]
    },
    {
      "module": "module.jitunic",
      "mode": "data",
      "type": "azurerm_subnet",
      "name": "jitusubnet",
      "provider": "provider[\"registry.terraform.io/hashicorp/azurerm\"]",
      "instances": [
        {
          "schema_version": 0,
          "attributes": {
            "address_prefix": "10.0.1.0/24",
            "address_prefixes": [
              "10.0.1.0/24"
            ],
            "default_outbound_access_enabled": true,
            "id": "/subscriptions/cebec115-76a4-41a3-b52f-1485335c2232/resourceGroups/rgjitu/providers/Microsoft.Network/virtualNetworks/jituvnet/subnets/jitusubnet",
            "name": "jitusubnet",
            "network_security_group_id": "",
            "private_endpoint_network_policies": "Disabled",
            "private_link_service_network_policies_enabled": true,
            "resource_group_name": "rgjitu",
            "route_table_id": "",
            "service_endpoints": [],
            "timeouts": null,
            "virtual_network_name": "jituvnet"
          },
          "sensitive_attributes": []
        }
      ]
    },
    {
      "module": "module.jitunic",
      "mode": "managed",
      "type": "azurerm_network_interface",
      "name": "jitunic",
      "provider": "provider[\"registry.terraform.io/hashicorp/azurerm\"]",
      "instances": [
        {
          "schema_version": 0,
          "attributes": {
            "accelerated_networking_enabled": false,
            "applied_dns_servers": [],
            "auxiliary_mode": "",
            "auxiliary_sku": "",
            "dns_servers": [],
            "edge_zone": "",
            "id": "/subscriptions/cebec115-76a4-41a3-b52f-1485335c2232/resourceGroups/rgjitu/providers/Microsoft.Network/networkInterfaces/jitunic",
            "internal_dns_name_label": "",
            "internal_domain_name_suffix": "yclp5fcmojnuzht35svejkuumb.px.internal.cloudapp.net",
            "ip_configuration": [
              {
                "gateway_load_balancer_frontend_ip_configuration_id": "",
                "name": "ipconfig1",
                "primary": true,
                "private_ip_address": "10.0.1.4",
                "private_ip_address_allocation": "Dynamic",
                "private_ip_address_version": "IPv4",
                "public_ip_address_id": "/subscriptions/cebec115-76a4-41a3-b52f-1485335c2232/resourceGroups/rgjitu/providers/Microsoft.Network/publicIPAddresses/jitupip",
                "subnet_id": "/subscriptions/cebec115-76a4-41a3-b52f-1485335c2232/resourceGroups/rgjitu/providers/Microsoft.Network/virtualNetworks/jituvnet/subnets/jitusubnet"
              }
            ],
            "ip_forwarding_enabled": false,
            "location": "australiaeast",
            "mac_address": "",
            "name": "jitunic",
            "private_ip_address": "10.0.1.4",
            "private_ip_addresses": [
              "10.0.1.4"
            ],
            "resource_group_name": "rgjitu",
            "tags": {},
            "timeouts": null,
            "virtual_machine_id": ""
          },
          "sensitive_attributes": [],
          "private": "eyJlMmJmYjczMC1lY2FhLTExZTYtOGY4OC0zNDM2M2JjN2M0YzAiOnsiY3JlYXRlIjoxODAwMDAwMDAwMDAwLCJkZWxldGUiOjE4MDAwMDAwMDAwMDAsInJlYWQiOjMwMDAwMDAwMDAwMCwidXBkYXRlIjoxODAwMDAwMDAwMDAwfX0=",
          "dependencies": [
            "module.jitunic.data.azurerm_public_ip.jitupip",
            "module.jitunic.data.azurerm_subnet.jitusubnet",
            "module.jitupip.azurerm_public_ip.jitupip",
            "module.resource_group.azurerm_resource_group.rgjitu",
            "module.subnet.azurerm_subnet.jitusubnet",
            "module.vnet.azurerm_virtual_network.jituvnet"
          ]
        }
      ]
    },
    {
      "module": "module.jitunsg",
      "mode": "managed",
      "type": "azurerm_network_security_group",
      "name": "jitunsg",
      "provider": "provider[\"registry.terraform.io/hashicorp/azurerm\"]",
      "instances": [
        {
          "schema_version": 0,
          "attributes": {
            "id": "/subscriptions/cebec115-76a4-41a3-b52f-1485335c2232/resourceGroups/rgjitu/providers/Microsoft.Network/networkSecurityGroups/jitunsg",
            "location": "australiaeast",
            "name": "jitunsg",
            "resource_group_name": "rgjitu",
            "security_rule": [
              {
                "access": "Allow",
                "description": "",
                "destination_address_prefix": "*",
                "destination_address_prefixes": [],
                "destination_application_security_group_ids": [],
                "destination_port_range": "22",
                "destination_port_ranges": [],
                "direction": "Inbound",
                "name": "Allow-SSH",
                "priority": 1000,
                "protocol": "Tcp",
                "source_address_prefix": "*",
                "source_address_prefixes": [],
                "source_application_security_group_ids": [],
                "source_port_range": "*",
                "source_port_ranges": []
              },
              {
                "access": "Allow",
                "description": "",
                "destination_address_prefix": "*",
                "destination_address_prefixes": [],
                "destination_application_security_group_ids": [],
                "destination_port_range": "80",
                "destination_port_ranges": [],
                "direction": "Inbound",
                "name": "Allow-HTTP",
                "priority": 1001,
                "protocol": "Tcp",
                "source_address_prefix": "*",
                "source_address_prefixes": [],
                "source_application_security_group_ids": [],
                "source_port_range": "*",
                "source_port_ranges": []
              }
            ],
            "tags": {},
            "timeouts": null
          },
          "sensitive_attributes": [],
          "private": "eyJlMmJmYjczMC1lY2FhLTExZTYtOGY4OC0zNDM2M2JjN2M0YzAiOnsiY3JlYXRlIjoxODAwMDAwMDAwMDAwLCJkZWxldGUiOjE4MDAwMDAwMDAwMDAsInJlYWQiOjMwMDAwMDAwMDAwMCwidXBkYXRlIjoxODAwMDAwMDAwMDAwfX0=",
          "dependencies": [
            "module.resource_group.azurerm_resource_group.rgjitu"
          ]
        }
      ]
    },
    {
      "module": "module.jitupip",
      "mode": "managed",
      "type": "azurerm_public_ip",
      "name": "jitupip",
      "provider": "provider[\"registry.terraform.io/hashicorp/azurerm\"]",
      "instances": [
        {
          "schema_version": 0,
          "attributes": {
            "allocation_method": "Static",
            "ddos_protection_mode": "VirtualNetworkInherited",
            "ddos_protection_plan_id": null,
            "domain_name_label": null,
            "domain_name_label_scope": null,
            "edge_zone": "",
            "fqdn": null,
            "id": "/subscriptions/cebec115-76a4-41a3-b52f-1485335c2232/resourceGroups/rgjitu/providers/Microsoft.Network/publicIPAddresses/jitupip",
            "idle_timeout_in_minutes": 4,
            "ip_address": "68.218.101.145",
            "ip_tags": {},
            "ip_version": "IPv4",
            "location": "australiaeast",
            "name": "jitupip",
            "public_ip_prefix_id": null,
            "resource_group_name": "rgjitu",
            "reverse_fqdn": null,
            "sku": "Standard",
            "sku_tier": "Regional",
            "tags": {},
            "timeouts": null,
            "zones": []
          },
          "sensitive_attributes": [],
          "private": "eyJlMmJmYjczMC1lY2FhLTExZTYtOGY4OC0zNDM2M2JjN2M0YzAiOnsiY3JlYXRlIjoxODAwMDAwMDAwMDAwLCJkZWxldGUiOjE4MDAwMDAwMDAwMDAsInJlYWQiOjMwMDAwMDAwMDAwMCwidXBkYXRlIjoxODAwMDAwMDAwMDAwfX0=",
          "dependencies": [
            "module.resource_group.azurerm_resource_group.rgjitu",
            "module.subnet.azurerm_subnet.jitusubnet",
            "module.vnet.azurerm_virtual_network.jituvnet"
          ]
        }
      ]
    },
    {
      "module": "module.jituserver",
      "mode": "managed",
      "type": "azurerm_mssql_server",
      "name": "jituserver",
      "provider": "provider[\"registry.terraform.io/hashicorp/azurerm\"]",
      "instances": [
        {
          "schema_version": 0,
          "attributes": {
            "administrator_login": "sqladmin",
            "administrator_login_password": "P@ssw0rd1234!",
            "administrator_login_password_wo": null,
            "administrator_login_password_wo_version": 0,
            "azuread_administrator": [],
            "connection_policy": "Default",
            "express_vulnerability_assessment_enabled": false,
            "fully_qualified_domain_name": "jituserver.database.windows.net",
            "id": "/subscriptions/cebec115-76a4-41a3-b52f-1485335c2232/resourceGroups/rgjitu/providers/Microsoft.Sql/servers/jituserver",
            "identity": [],
            "location": "australiaeast",
            "minimum_tls_version": "1.2",
            "name": "jituserver",
            "outbound_network_restriction_enabled": false,
            "primary_user_assigned_identity_id": "",
            "public_network_access_enabled": true,
            "resource_group_name": "rgjitu",
            "restorable_dropped_database_ids": [],
            "tags": {},
            "timeouts": null,
            "transparent_data_encryption_key_vault_key_id": "",
            "version": "12.0"
          },
          "sensitive_attributes": [
            [
              {
                "type": "get_attr",
                "value": "administrator_login_password_wo"
              }
            ],
            [
              {
                "type": "get_attr",
                "value": "administrator_login_password"
              }
            ]
          ],
          "private": "eyJlMmJmYjczMC1lY2FhLTExZTYtOGY4OC0zNDM2M2JjN2M0YzAiOnsiY3JlYXRlIjozNjAwMDAwMDAwMDAwLCJkZWxldGUiOjM2MDAwMDAwMDAwMDAsInJlYWQiOjMwMDAwMDAwMDAwMCwidXBkYXRlIjozNjAwMDAwMDAwMDAwfX0=",
          "dependencies": [
            "module.resource_group.azurerm_resource_group.rgjitu"
          ]
        }
      ]
    },
    {
      "module": "module.jituvm",
      "mode": "data",
      "type": "azurerm_network_interface",
      "name": "jitunic",
      "provider": "provider[\"registry.terraform.io/hashicorp/azurerm\"]",
      "instances": [
        {
          "schema_version": 0,
          "attributes": {
            "accelerated_networking_enabled": false,
            "applied_dns_servers": [],
            "dns_servers": [],
            "id": "/subscriptions/cebec115-76a4-41a3-b52f-1485335c2232/resourceGroups/rgjitu/providers/Microsoft.Network/networkInterfaces/jitunic",
            "internal_dns_name_label": "",
            "ip_configuration": [
              {
                "application_gateway_backend_address_pools_ids": [],
                "application_security_group_ids": [],
                "gateway_load_balancer_frontend_ip_configuration_id": "",
                "load_balancer_backend_address_pools_ids": [],
                "load_balancer_inbound_nat_rules_ids": [],
                "name": "ipconfig1",
                "primary": true,
                "private_ip_address": "10.0.1.4",
                "private_ip_address_allocation": "Dynamic",
                "private_ip_address_version": "IPv4",
                "public_ip_address_id": "/subscriptions/cebec115-76a4-41a3-b52f-1485335c2232/resourceGroups/rgjitu/providers/Microsoft.Network/publicIPAddresses/jitupip",
                "subnet_id": "/subscriptions/cebec115-76a4-41a3-b52f-1485335c2232/resourceGroups/rgjitu/providers/Microsoft.Network/virtualNetworks/jituvnet/subnets/jitusubnet"
              }
            ],
            "ip_forwarding_enabled": false,
            "location": "australiaeast",
            "mac_address": "",
            "name": "jitunic",
            "network_security_group_id": "/subscriptions/cebec115-76a4-41a3-b52f-1485335c2232/resourceGroups/rgjitu/providers/Microsoft.Network/networkSecurityGroups/jitunsg",
            "private_ip_address": "10.0.1.4",
            "private_ip_addresses": [
              "10.0.1.4"
            ],
            "resource_group_name": "rgjitu",
            "tags": {},
            "timeouts": null,
            "virtual_machine_id": ""
          },
          "sensitive_attributes": []
        }
      ]
    },
    {
      "module": "module.jituvm",
      "mode": "data",
      "type": "azurerm_network_security_group",
      "name": "jitunsg",
      "provider": "provider[\"registry.terraform.io/hashicorp/azurerm\"]",
      "instances": [
        {
          "schema_version": 0,
          "attributes": {
            "id": "/subscriptions/cebec115-76a4-41a3-b52f-1485335c2232/resourceGroups/rgjitu/providers/Microsoft.Network/networkSecurityGroups/jitunsg",
            "location": "australiaeast",
            "name": "jitunsg",
            "resource_group_name": "rgjitu",
            "security_rule": [
              {
                "access": "Allow",
                "description": "",
                "destination_address_prefix": "*",
                "destination_address_prefixes": [],
                "destination_application_security_group_ids": [],
                "destination_port_range": "22",
                "destination_port_ranges": [],
                "direction": "Inbound",
                "name": "Allow-SSH",
                "priority": 1000,
                "protocol": "Tcp",
                "source_address_prefix": "*",
                "source_address_prefixes": [],
                "source_application_security_group_ids": [],
                "source_port_range": "*",
                "source_port_ranges": []
              },
              {
                "access": "Allow",
                "description": "",
                "destination_address_prefix": "*",
                "destination_address_prefixes": [],
                "destination_application_security_group_ids": [],
                "destination_port_range": "80",
                "destination_port_ranges": [],
                "direction": "Inbound",
                "name": "Allow-HTTP",
                "priority": 1001,
                "protocol": "Tcp",
                "source_address_prefix": "*",
                "source_address_prefixes": [],
                "source_application_security_group_ids": [],
                "source_port_range": "*",
                "source_port_ranges": []
              }
            ],
            "tags": {},
            "timeouts": null
          },
          "sensitive_attributes": []
        }
      ]
    },
    {
      "module": "module.jituvm",
      "mode": "managed",
      "type": "azurerm_network_interface_security_group_association",
      "name": "jituns_association",
      "provider": "provider[\"registry.terraform.io/hashicorp/azurerm\"]",
      "instances": [
        {
          "schema_version": 0,
          "attributes": {
            "id": "/subscriptions/cebec115-76a4-41a3-b52f-1485335c2232/resourceGroups/rgjitu/providers/Microsoft.Network/networkInterfaces/jitunic|/subscriptions/cebec115-76a4-41a3-b52f-1485335c2232/resourceGroups/rgjitu/providers/Microsoft.Network/networkSecurityGroups/jitunsg",
            "network_interface_id": "/subscriptions/cebec115-76a4-41a3-b52f-1485335c2232/resourceGroups/rgjitu/providers/Microsoft.Network/networkInterfaces/jitunic",
            "network_security_group_id": "/subscriptions/cebec115-76a4-41a3-b52f-1485335c2232/resourceGroups/rgjitu/providers/Microsoft.Network/networkSecurityGroups/jitunsg",
            "timeouts": null
          },
          "sensitive_attributes": [],
          "private": "eyJlMmJmYjczMC1lY2FhLTExZTYtOGY4OC0zNDM2M2JjN2M0YzAiOnsiY3JlYXRlIjoxODAwMDAwMDAwMDAwLCJkZWxldGUiOjE4MDAwMDAwMDAwMDAsInJlYWQiOjMwMDAwMDAwMDAwMH19",
          "dependencies": [
            "module.jitunic.azurerm_network_interface.jitunic",
            "module.jitunic.data.azurerm_public_ip.jitupip",
            "module.jitunic.data.azurerm_subnet.jitusubnet",
            "module.jitupip.azurerm_public_ip.jitupip",
            "module.jituvm.data.azurerm_network_interface.jitunic",
            "module.jituvm.data.azurerm_network_security_group.jitunsg",
            "module.resource_group.azurerm_resource_group.rgjitu",
            "module.subnet.azurerm_subnet.jitusubnet",
            "module.vnet.azurerm_virtual_network.jituvnet"
          ]
        }
      ]
    },
    {
      "module": "module.resource_group",
      "mode": "managed",
      "type": "azurerm_resource_group",
      "name": "rgjitu",
      "provider": "provider[\"registry.terraform.io/hashicorp/azurerm\"]",
      "instances": [
        {
          "schema_version": 0,
          "attributes": {
            "id": "/subscriptions/cebec115-76a4-41a3-b52f-1485335c2232/resourceGroups/rgjitu",
            "location": "australiaeast",
            "managed_by": "",
            "name": "rgjitu",
            "tags": {},
            "timeouts": null
          },
          "sensitive_attributes": [],
          "private": "eyJlMmJmYjczMC1lY2FhLTExZTYtOGY4OC0zNDM2M2JjN2M0YzAiOnsiY3JlYXRlIjo1NDAwMDAwMDAwMDAwLCJkZWxldGUiOjU0MDAwMDAwMDAwMDAsInJlYWQiOjMwMDAwMDAwMDAwMCwidXBkYXRlIjo1NDAwMDAwMDAwMDAwfX0="
        }
      ]
    },
    {
      "module": "module.subnet",
      "mode": "managed",
      "type": "azurerm_subnet",
      "name": "jitusubnet",
      "provider": "provider[\"registry.terraform.io/hashicorp/azurerm\"]",
      "instances": [
        {
          "schema_version": 0,
          "attributes": {
            "address_prefixes": [
              "10.0.1.0/24"
            ],
            "default_outbound_access_enabled": true,
            "delegation": [],
            "id": "/subscriptions/cebec115-76a4-41a3-b52f-1485335c2232/resourceGroups/rgjitu/providers/Microsoft.Network/virtualNetworks/jituvnet/subnets/jitusubnet",
            "name": "jitusubnet",
            "private_endpoint_network_policies": "Disabled",
            "private_link_service_network_policies_enabled": true,
            "resource_group_name": "rgjitu",
            "service_endpoint_policy_ids": [],
            "service_endpoints": [],
            "timeouts": null,
            "virtual_network_name": "jituvnet"
          },
          "sensitive_attributes": [],
          "private": "eyJlMmJmYjczMC1lY2FhLTExZTYtOGY4OC0zNDM2M2JjN2M0YzAiOnsiY3JlYXRlIjoxODAwMDAwMDAwMDAwLCJkZWxldGUiOjE4MDAwMDAwMDAwMDAsInJlYWQiOjMwMDAwMDAwMDAwMCwidXBkYXRlIjoxODAwMDAwMDAwMDAwfX0=",
          "dependencies": [
            "module.resource_group.azurerm_resource_group.rgjitu",
            "module.vnet.azurerm_virtual_network.jituvnet"
          ]
        }
      ]
    },
    {
      "module": "module.vnet",
      "mode": "managed",
      "type": "azurerm_virtual_network",
      "name": "jituvnet",
      "provider": "provider[\"registry.terraform.io/hashicorp/azurerm\"]",
      "instances": [
        {
          "schema_version": 0,
          "attributes": {
            "address_space": [
              "10.0.0.0/16"
            ],
            "bgp_community": "",
            "ddos_protection_plan": [],
            "dns_servers": [],
            "edge_zone": "",
            "encryption": [],
            "flow_timeout_in_minutes": 0,
            "guid": "94ff96c0-724c-4c5b-9e7d-fcaa44aa9461",
            "id": "/subscriptions/cebec115-76a4-41a3-b52f-1485335c2232/resourceGroups/rgjitu/providers/Microsoft.Network/virtualNetworks/jituvnet",
            "ip_address_pool": [],
            "location": "australiaeast",
            "name": "jituvnet",
            "private_endpoint_vnet_policies": "Disabled",
            "resource_group_name": "rgjitu",
            "subnet": [
              {
                "address_prefixes": [
                  "10.0.1.0/24"
                ],
                "default_outbound_access_enabled": true,
                "delegation": [],
                "id": "/subscriptions/cebec115-76a4-41a3-b52f-1485335c2232/resourceGroups/rgjitu/providers/Microsoft.Network/virtualNetworks/jituvnet/subnets/jitusubnet",
                "name": "jitusubnet",
                "private_endpoint_network_policies": "Disabled",
                "private_link_service_network_policies_enabled": true,
                "route_table_id": "",
                "security_group": "",
                "service_endpoint_policy_ids": [],
                "service_endpoints": []
              }
            ],
            "tags": {},
            "timeouts": null
          },
          "sensitive_attributes": [],
          "private": "eyJlMmJmYjczMC1lY2FhLTExZTYtOGY4OC0zNDM2M2JjN2M0YzAiOnsiY3JlYXRlIjoxODAwMDAwMDAwMDAwLCJkZWxldGUiOjE4MDAwMDAwMDAwMDAsInJlYWQiOjMwMDAwMDAwMDAwMCwidXBkYXRlIjoxODAwMDAwMDAwMDAwfX0=",
          "dependencies": [
            "module.resource_group.azurerm_resource_group.rgjitu"
          ]
        }
      ]
    }
  ],
  "check_results": null
}
